
Microsoft Visual Studio Solution File, Format Version 12.00
# Visual Studio Version 16
VisualStudioVersion = 16.0.31613.86
MinimumVisualStudioVersion = 10.0.40219.1
Project("{8BC9CEB8-8B4A-11D0-8D11-00A0C91BC942}") = "bakeri", "bakeri\bakeri.vcxproj", "{0544DA58-A2A1-4EB4-9A1D-D0B8AB06528C}"
EndProject
Global
	GlobalSection(SolutionConfigurationPlatforms) = preSolution
		Debug|x64 = Debug|x64
		Debug|x86 = Debug|x86
		Release|x64 = Release|x64
		Release|x86 = Release|x86
	EndGlobalSection
	GlobalSection(ProjectConfigurationPlatforms) = postSolution
		{0544DA58-A2A1-4EB4-9A1D-D0B8AB06528C}.Debug|x64.ActiveCfg = Debug|x64
		{0544DA58-A2A1-4EB4-9A1D-D0B8AB06528C}.Debug|x64.Build.0 = Debug|x64
		{0544DA58-A2A1-4EB4-9A1D-D0B8AB06528C}.Debug|x86.ActiveCfg = Debug|Win32
		{0544DA58-A2A1-4EB4-9A1D-D0B8AB06528C}.Debug|x86.Build.0 = Debug|Win32
		{0544DA58-A2A1-4EB4-9A1D-D0B8AB06528C}.Release|x64.ActiveCfg = Release|x64
		{0544DA58-A2A1-4EB4-9A1D-D0B8AB06528C}.Release|x64.Build.0 = Release|x64
		{0544DA58-A2A1-4EB4-9A1D-D0B8AB06528C}.Release|x86.ActiveCfg = Release|Win32
		{0544DA58-A2A1-4EB4-9A1D-D0B8AB06528C}.Release|x86.Build.0 = Release|Win32
	EndGlobalSection
	GlobalSection(SolutionProperties) = preSolution
		HideSolutionNode = FALSE
	EndGlobalSection
	GlobalSection(ExtensibilityGlobals) = postSolution
		SolutionGuid = {917E992D-0518-4E7A-B091-B281870E489C}
	EndGlobalSection
EndGlobal
